
Microsoft Visual Studio Solution File, Format Version 12.00
# Visual Studio Version 17
VisualStudioVersion = 17.0.32112.339
MinimumVisualStudioVersion = 10.0.40219.1
Project("{FAE04EC0-301F-11D3-BF4B-00C04F79EFBC}") = "VectorsProject", "VectorsProject.csproj", "{78A294DB-023C-41CD-ABDD-5DA233212776}"
EndProject
Global
	GlobalSection(SolutionConfigurationPlatforms) = preSolution
		Debug|Any CPU = Debug|Any CPU
		Release|Any CPU = Release|Any CPU
	EndGlobalSection
	GlobalSection(ProjectConfigurationPlatforms) = postSolution
		{78A294DB-023C-41CD-ABDD-5DA233212776}.Debug|Any CPU.ActiveCfg = Debug|Any CPU
		{78A294DB-023C-41CD-ABDD-5DA233212776}.Debug|Any CPU.Build.0 = Debug|Any CPU
		{78A294DB-023C-41CD-ABDD-5DA233212776}.Release|Any CPU.ActiveCfg = Release|Any CPU
		{78A294DB-023C-41CD-ABDD-5DA233212776}.Release|Any CPU.Build.0 = Release|Any CPU
	EndGlobalSection
	GlobalSection(SolutionProperties) = preSolution
		HideSolutionNode = FALSE
	EndGlobalSection
	GlobalSection(ExtensibilityGlobals) = postSolution
		SolutionGuid = {F732493E-873D-4618-8775-284BEACB0DBF}
	EndGlobalSection
EndGlobal
